
Microsoft Visual Studio Solution File, Format Version 12.00
# Visual Studio Version 16
VisualStudioVersion = 16.0.29424.173
MinimumVisualStudioVersion = 10.0.40219.1
Project("{FAE04EC0-301F-11D3-BF4B-00C04F79EFBC}") = "USBEasy", "USBEasy\USBEasy.csproj", "{6DB99E30-6103-435E-9440-6B71D78637B4}"
EndProject
Global
	GlobalSection(SolutionConfigurationPlatforms) = preSolution
		All|Any CPU = All|Any CPU
		Debug|Any CPU = Debug|Any CPU
		Release|Any CPU = Release|Any CPU
	EndGlobalSection
	GlobalSection(ProjectConfigurationPlatforms) = postSolution
		{6DB99E30-6103-435E-9440-6B71D78637B4}.All|Any CPU.ActiveCfg = Release|Any CPU
		{6DB99E30-6103-435E-9440-6B71D78637B4}.All|Any CPU.Build.0 = Release|Any CPU
		{6DB99E30-6103-435E-9440-6B71D78637B4}.Debug|Any CPU.ActiveCfg = Debug|Any CPU
		{6DB99E30-6103-435E-9440-6B71D78637B4}.Debug|Any CPU.Build.0 = Debug|Any CPU
		{6DB99E30-6103-435E-9440-6B71D78637B4}.Release|Any CPU.ActiveCfg = Release|Any CPU
		{6DB99E30-6103-435E-9440-6B71D78637B4}.Release|Any CPU.Build.0 = Release|Any CPU
	EndGlobalSection
	GlobalSection(SolutionProperties) = preSolution
		HideSolutionNode = FALSE
	EndGlobalSection
	GlobalSection(ExtensibilityGlobals) = postSolution
		SolutionGuid = {5D414ED8-6E4C-4E31-BE67-A770EBF6E5EB}
	EndGlobalSection
EndGlobal
